schema: '2.0'
stages:
  prepare:
    cmd: python src/prepare.py data/data.xml
    deps:
    - path: data/data.xml
      hash: md5
      md5: 22a1a2931c8370d3aeedd7183606fd7f
      size: 14445097
    - path: src/prepare.py
      hash: md5
      md5: f54d670ac8a4f63206781fc31d1f2651
      size: 2231
    params:
      params.yaml:
        prepare.seed: 20170428
        prepare.split: 0.3
    outs:
    - path: data/prepared
      hash: md5
      md5: 5513d7e86f06ddf1cfb7f5ecebd4c84e.dir
      size: 8437363
      nfiles: 2
  featurize:
    cmd: python src/featurization.py data/prepared data/features
    deps:
    - path: data/prepared
      hash: md5
      md5: 5513d7e86f06ddf1cfb7f5ecebd4c84e.dir
      size: 8437363
      nfiles: 2
    - path: src/featurization.py
      hash: md5
      md5: e22789fc9581cad11ef7a6fa3aa3f17b
      size: 4158
    params:
      params.yaml:
        featurize.max_features: 400
        featurize.ngrams: 5
    outs:
    - path: data/features
      hash: md5
      md5: fd36c12a55ef8ee89cf9f2feacf5b0ac.dir
      size: 2964512
      nfiles: 2
  train:
    cmd: python src/train.py data/features model.pkl
    deps:
    - path: data/features
      hash: md5
      md5: fd36c12a55ef8ee89cf9f2feacf5b0ac.dir
      size: 2964512
      nfiles: 2
    - path: src/train.py
      hash: md5
      md5: 324001573ed724e5ae092226fcf9ca30
      size: 1666
    params:
      params.yaml:
        train.min_split: 0.05
        train.n_est: 300
        train.seed: 20170428
    outs:
    - path: model.pkl
      hash: md5
      md5: 520a2057137b74a6cac189ae6ef34c3a
      size: 5354473
  evaluate:
    cmd: python src/evaluate.py model.pkl data/features
    deps:
    - path: data/features
      hash: md5
      md5: fd36c12a55ef8ee89cf9f2feacf5b0ac.dir
      size: 2964512
      nfiles: 2
    - path: model.pkl
      hash: md5
      md5: 520a2057137b74a6cac189ae6ef34c3a
      size: 5354473
    - path: src/evaluate.py
      hash: md5
      md5: 3c4a3be71734f770050efee78980698b
      size: 3266
    outs:
    - path: eval
      hash: md5
      md5: b258ae96b4a39b6b2262d426b6229d66.dir
      size: 1333789
      nfiles: 8
