schema: '2.0'
stages:
  prepare:
    cmd: python src/prepare.py data/data.xml
    deps:
    - path: data/data.xml
      hash: md5
      md5: 22a1a2931c8370d3aeedd7183606fd7f
      size: 14445097
    - path: src/prepare.py
      hash: md5
      md5: f54d670ac8a4f63206781fc31d1f2651
      size: 2231
    params:
      params.yaml:
        prepare.seed: 20170428
        prepare.split: 0.25
    outs:
    - path: data/prepared
      hash: md5
      md5: c08931d1c7459f43950b7aac03aa0ec5.dir
      size: 8437363
      nfiles: 2
  featurize:
    cmd: python src/featurization.py data/prepared data/features
    deps:
    - path: data/prepared
      hash: md5
      md5: c08931d1c7459f43950b7aac03aa0ec5.dir
      size: 8437363
      nfiles: 2
    - path: src/featurization.py
      hash: md5
      md5: e22789fc9581cad11ef7a6fa3aa3f17b
      size: 4158
    params:
      params.yaml:
        featurize.max_features: 400
        featurize.ngrams: 3
    outs:
    - path: data/features
      hash: md5
      md5: 2d9cdd40410d27a72cc3c890040c1d3c.dir
      size: 2955862
      nfiles: 2
  train:
    cmd: python src/train.py data/features model.pkl
    deps:
    - path: data/features
      hash: md5
      md5: 2d9cdd40410d27a72cc3c890040c1d3c.dir
      size: 2955862
      nfiles: 2
    - path: src/train.py
      hash: md5
      md5: 324001573ed724e5ae092226fcf9ca30
      size: 1666
    params:
      params.yaml:
        train.min_split: 0.05
        train.n_est: 150
        train.seed: 20170428
    outs:
    - path: model.pkl
      hash: md5
      md5: dc8ca758934b7dff7a30e818832f0005
      size: 2711727
  evaluate:
    cmd: python src/evaluate.py model.pkl data/features
    deps:
    - path: data/features
      hash: md5
      md5: 2d9cdd40410d27a72cc3c890040c1d3c.dir
      size: 2955862
      nfiles: 2
    - path: model.pkl
      hash: md5
      md5: dc8ca758934b7dff7a30e818832f0005
      size: 2711727
    - path: src/evaluate.py
      hash: md5
      md5: 3c4a3be71734f770050efee78980698b
      size: 3266
    outs:
    - path: eval
      hash: md5
      md5: cc3c28670ef3cb709b79a34c6c87a6fe.dir
      size: 1326447
      nfiles: 8
